
Microsoft Visual Studio Solution File, Format Version 12.00
# Visual Studio Version 17
VisualStudioVersion = 17.7.34031.279
MinimumVisualStudioVersion = 10.0.40219.1
Project("{FAE04EC0-301F-11D3-BF4B-00C04F79EFBC}") = "WPF_Bert_indiv", "WPF_Bert_indiv\WPF_Bert_indiv.csproj", "{A792F52A-6A91-4697-8E1E-19598D7BC2F5}"
EndProject
Global
	GlobalSection(SolutionConfigurationPlatforms) = preSolution
		Debug|Any CPU = Debug|Any CPU
		Release|Any CPU = Release|Any CPU
	EndGlobalSection
	GlobalSection(ProjectConfigurationPlatforms) = postSolution
		{A792F52A-6A91-4697-8E1E-19598D7BC2F5}.Debug|Any CPU.ActiveCfg = Debug|Any CPU
		{A792F52A-6A91-4697-8E1E-19598D7BC2F5}.Debug|Any CPU.Build.0 = Debug|Any CPU
		{A792F52A-6A91-4697-8E1E-19598D7BC2F5}.Release|Any CPU.ActiveCfg = Release|Any CPU
		{A792F52A-6A91-4697-8E1E-19598D7BC2F5}.Release|Any CPU.Build.0 = Release|Any CPU
	EndGlobalSection
	GlobalSection(SolutionProperties) = preSolution
		HideSolutionNode = FALSE
	EndGlobalSection
	GlobalSection(ExtensibilityGlobals) = postSolution
		SolutionGuid = {3E1FD3C0-9D8E-4C1B-BB71-ACDF78482388}
	EndGlobalSection
EndGlobal
